
Microsoft Visual Studio Solution File, Format Version 12.00
# Visual Studio Version 17
VisualStudioVersion = 17.4.33213.308
MinimumVisualStudioVersion = 10.0.40219.1
Project("{9A19103F-16F7-4668-BE54-9A1E7A4F7556}") = "Domain", "Domain\Domain.csproj", "{D20D649D-DC08-4FD5-A02A-E1BAA8288802}"
EndProject
Project("{9A19103F-16F7-4668-BE54-9A1E7A4F7556}") = "Business", "Business\Business.csproj", "{97259267-14D7-4196-A453-40CBA63BCA9F}"
EndProject
Project("{FAE04EC0-301F-11D3-BF4B-00C04F79EFBC}") = "Data", "Data2\Data.csproj", "{9A2D9F3F-3249-41B9-BCA9-C91407F3968E}"
EndProject
Global
	GlobalSection(SolutionConfigurationPlatforms) = preSolution
		Debug|Any CPU = Debug|Any CPU
		Release|Any CPU = Release|Any CPU
	EndGlobalSection
	GlobalSection(ProjectConfigurationPlatforms) = postSolution
		{D20D649D-DC08-4FD5-A02A-E1BAA8288802}.Debug|Any CPU.ActiveCfg = Debug|Any CPU
		{D20D649D-DC08-4FD5-A02A-E1BAA8288802}.Debug|Any CPU.Build.0 = Debug|Any CPU
		{D20D649D-DC08-4FD5-A02A-E1BAA8288802}.Release|Any CPU.ActiveCfg = Release|Any CPU
		{D20D649D-DC08-4FD5-A02A-E1BAA8288802}.Release|Any CPU.Build.0 = Release|Any CPU
		{97259267-14D7-4196-A453-40CBA63BCA9F}.Debug|Any CPU.ActiveCfg = Debug|Any CPU
		{97259267-14D7-4196-A453-40CBA63BCA9F}.Debug|Any CPU.Build.0 = Debug|Any CPU
		{97259267-14D7-4196-A453-40CBA63BCA9F}.Release|Any CPU.ActiveCfg = Release|Any CPU
		{97259267-14D7-4196-A453-40CBA63BCA9F}.Release|Any CPU.Build.0 = Release|Any CPU
		{9A2D9F3F-3249-41B9-BCA9-C91407F3968E}.Debug|Any CPU.ActiveCfg = Debug|Any CPU
		{9A2D9F3F-3249-41B9-BCA9-C91407F3968E}.Debug|Any CPU.Build.0 = Debug|Any CPU
		{9A2D9F3F-3249-41B9-BCA9-C91407F3968E}.Release|Any CPU.ActiveCfg = Release|Any CPU
		{9A2D9F3F-3249-41B9-BCA9-C91407F3968E}.Release|Any CPU.Build.0 = Release|Any CPU
	EndGlobalSection
	GlobalSection(SolutionProperties) = preSolution
		HideSolutionNode = FALSE
	EndGlobalSection
	GlobalSection(ExtensibilityGlobals) = postSolution
		SolutionGuid = {563A351A-0843-4CFA-AF79-3D4A49B96154}
	EndGlobalSection
EndGlobal
