
Microsoft Visual Studio Solution File, Format Version 12.00
# Visual Studio Version 17
VisualStudioVersion = 17.4.33213.308
MinimumVisualStudioVersion = 10.0.40219.1
Project("{FAE04EC0-301F-11D3-BF4B-00C04F79EFBC}") = "Domain", "Domain\Domain.csproj", "{D20D649D-DC08-4FD5-A02A-E1BAA8288802}"
EndProject
Project("{FAE04EC0-301F-11D3-BF4B-00C04F79EFBC}") = "Data", "Data\Data.csproj", "{F48DCCD0-6768-41A3-88D2-BF879A67B1CE}"
EndProject
Project("{FAE04EC0-301F-11D3-BF4B-00C04F79EFBC}") = "Business", "Business\Business.csproj", "{97259267-14D7-4196-A453-40CBA63BCA9F}"
EndProject
Global
	GlobalSection(SolutionConfigurationPlatforms) = preSolution
		Debug|Any CPU = Debug|Any CPU
		Release|Any CPU = Release|Any CPU
	EndGlobalSection
	GlobalSection(ProjectConfigurationPlatforms) = postSolution
		{D20D649D-DC08-4FD5-A02A-E1BAA8288802}.Debug|Any CPU.ActiveCfg = Debug|Any CPU
		{D20D649D-DC08-4FD5-A02A-E1BAA8288802}.Debug|Any CPU.Build.0 = Debug|Any CPU
		{D20D649D-DC08-4FD5-A02A-E1BAA8288802}.Release|Any CPU.ActiveCfg = Release|Any CPU
		{D20D649D-DC08-4FD5-A02A-E1BAA8288802}.Release|Any CPU.Build.0 = Release|Any CPU
		{F48DCCD0-6768-41A3-88D2-BF879A67B1CE}.Debug|Any CPU.ActiveCfg = Debug|Any CPU
		{F48DCCD0-6768-41A3-88D2-BF879A67B1CE}.Debug|Any CPU.Build.0 = Debug|Any CPU
		{F48DCCD0-6768-41A3-88D2-BF879A67B1CE}.Release|Any CPU.ActiveCfg = Release|Any CPU
		{F48DCCD0-6768-41A3-88D2-BF879A67B1CE}.Release|Any CPU.Build.0 = Release|Any CPU
		{97259267-14D7-4196-A453-40CBA63BCA9F}.Debug|Any CPU.ActiveCfg = Debug|Any CPU
		{97259267-14D7-4196-A453-40CBA63BCA9F}.Debug|Any CPU.Build.0 = Debug|Any CPU
		{97259267-14D7-4196-A453-40CBA63BCA9F}.Release|Any CPU.ActiveCfg = Release|Any CPU
		{97259267-14D7-4196-A453-40CBA63BCA9F}.Release|Any CPU.Build.0 = Release|Any CPU
	EndGlobalSection
	GlobalSection(SolutionProperties) = preSolution
		HideSolutionNode = FALSE
	EndGlobalSection
	GlobalSection(ExtensibilityGlobals) = postSolution
		SolutionGuid = {563A351A-0843-4CFA-AF79-3D4A49B96154}
	EndGlobalSection
EndGlobal
