
Microsoft Visual Studio Solution File, Format Version 12.00
# Visual Studio Version 17
VisualStudioVersion = 17.4.33213.308
MinimumVisualStudioVersion = 10.0.40219.1
Project("{FAE04EC0-301F-11D3-BF4B-00C04F79EFBC}") = "Data", "Data\Data.csproj", "{AD6EFDEC-C960-4882-99CF-4D3CD7068900}"
EndProject
Project("{FAE04EC0-301F-11D3-BF4B-00C04F79EFBC}") = "Domain", "Domain\Domain.csproj", "{E2DA52C7-51AE-4060-A471-6B87F9E79710}"
EndProject
Project("{FAE04EC0-301F-11D3-BF4B-00C04F79EFBC}") = "Business", "Business\Business.csproj", "{0FA17AC9-71E9-4F0C-B9A3-9E3CD551E8ED}"
EndProject
Global
	GlobalSection(SolutionConfigurationPlatforms) = preSolution
		Debug|Any CPU = Debug|Any CPU
		Release|Any CPU = Release|Any CPU
	EndGlobalSection
	GlobalSection(ProjectConfigurationPlatforms) = postSolution
		{AD6EFDEC-C960-4882-99CF-4D3CD7068900}.Debug|Any CPU.ActiveCfg = Debug|Any CPU
		{AD6EFDEC-C960-4882-99CF-4D3CD7068900}.Debug|Any CPU.Build.0 = Debug|Any CPU
		{AD6EFDEC-C960-4882-99CF-4D3CD7068900}.Release|Any CPU.ActiveCfg = Release|Any CPU
		{AD6EFDEC-C960-4882-99CF-4D3CD7068900}.Release|Any CPU.Build.0 = Release|Any CPU
		{E2DA52C7-51AE-4060-A471-6B87F9E79710}.Debug|Any CPU.ActiveCfg = Debug|Any CPU
		{E2DA52C7-51AE-4060-A471-6B87F9E79710}.Debug|Any CPU.Build.0 = Debug|Any CPU
		{E2DA52C7-51AE-4060-A471-6B87F9E79710}.Release|Any CPU.ActiveCfg = Release|Any CPU
		{E2DA52C7-51AE-4060-A471-6B87F9E79710}.Release|Any CPU.Build.0 = Release|Any CPU
		{0FA17AC9-71E9-4F0C-B9A3-9E3CD551E8ED}.Debug|Any CPU.ActiveCfg = Debug|Any CPU
		{0FA17AC9-71E9-4F0C-B9A3-9E3CD551E8ED}.Debug|Any CPU.Build.0 = Debug|Any CPU
		{0FA17AC9-71E9-4F0C-B9A3-9E3CD551E8ED}.Release|Any CPU.ActiveCfg = Release|Any CPU
		{0FA17AC9-71E9-4F0C-B9A3-9E3CD551E8ED}.Release|Any CPU.Build.0 = Release|Any CPU
	EndGlobalSection
	GlobalSection(SolutionProperties) = preSolution
		HideSolutionNode = FALSE
	EndGlobalSection
	GlobalSection(ExtensibilityGlobals) = postSolution
		SolutionGuid = {563A351A-0843-4CFA-AF79-3D4A49B96154}
	EndGlobalSection
EndGlobal
